// !$*UTF8*$!
{
	archiveVersion = 1;
	classes = {
	};
	objectVersion = 46;
	objects = {

/* Begin PBXBuildFile section */
		4D44EB750AD3E1945A89851E /* Pods_Aste.framework in Frameworks */ = {isa = PBXBuildFile; fileRef = 82011EB7183175411A99B3B1 /* Pods_Aste.framework */; };
		D1289DE41DFCE11900ECBEA5 /* DetailViewController.swift in Sources */ = {isa = PBXBuildFile; fileRef = D1289DE31DFCE11900ECBEA5 /* DetailViewController.swift */; };
		D14A5B6C1DD26AFD00226EE3 /* GoogleService-Info.plist in Resources */ = {isa = PBXBuildFile; fileRef = D14A5B6B1DD26AFD00226EE3 /* GoogleService-Info.plist */; };
		D15BEC5D1DD2608C00E58050 /* AppDelegate.swift in Sources */ = {isa = PBXBuildFile; fileRef = D15BEC5C1DD2608C00E58050 /* AppDelegate.swift */; };
		D15BEC621DD2608C00E58050 /* Main.storyboard in Resources */ = {isa = PBXBuildFile; fileRef = D15BEC601DD2608C00E58050 /* Main.storyboard */; };
		D15BEC641DD2608C00E58050 /* Assets.xcassets in Resources */ = {isa = PBXBuildFile; fileRef = D15BEC631DD2608C00E58050 /* Assets.xcassets */; };
		D15BEC671DD2608C00E58050 /* LaunchScreen.storyboard in Resources */ = {isa = PBXBuildFile; fileRef = D15BEC651DD2608C00E58050 /* LaunchScreen.storyboard */; };
		D1DA4A081DE6268300C6A060 /* TableViewController.swift in Sources */ = {isa = PBXBuildFile; fileRef = D1DA4A071DE6268300C6A060 /* TableViewController.swift */; };
		D1DA4A0A1DE7759A00C6A060 /* TableViewCell.swift in Sources */ = {isa = PBXBuildFile; fileRef = D1DA4A091DE7759A00C6A060 /* TableViewCell.swift */; };
		D1DA4A0C1DE7B18E00C6A060 /* MapKit.framework in Frameworks */ = {isa = PBXBuildFile; fileRef = D1DA4A0B1DE7B18E00C6A060 /* MapKit.framework */; };
		D1DA4A0E1DE7B53F00C6A060 /* MapController.swift in Sources */ = {isa = PBXBuildFile; fileRef = D1DA4A0D1DE7B53F00C6A060 /* MapController.swift */; };
/* End PBXBuildFile section */

/* Begin PBXFileReference section */
		44CDB641A92EB8FD714887FB /* Pods-Aste.debug.xcconfig */ = {isa = PBXFileReference; includeInIndex = 1; lastKnownFileType = text.xcconfig; name = "Pods-Aste.debug.xcconfig"; path = "Pods/Target Support Files/Pods-Aste/Pods-Aste.debug.xcconfig"; sourceTree = "<group>"; };
		49E076A91DE6E1A800384A49 /* get_aste.py */ = {isa = PBXFileReference; lastKnownFileType = text.script.python; path = get_aste.py; sourceTree = "<group>"; usesTabs = 1; };
		82011EB7183175411A99B3B1 /* Pods_Aste.framework */ = {isa = PBXFileReference; explicitFileType = wrapper.framework; includeInIndex = 0; path = Pods_Aste.framework; sourceTree = BUILT_PRODUCTS_DIR; };
		D11C37271DE8DF7700BAF846 /* Aste.entitlements */ = {isa = PBXFileReference; lastKnownFileType = text.plist.entitlements; path = Aste.entitlements; sourceTree = "<group>"; };
		D1289DE31DFCE11900ECBEA5 /* DetailViewController.swift */ = {isa = PBXFileReference; fileEncoding = 4; lastKnownFileType = sourcecode.swift; path = DetailViewController.swift; sourceTree = "<group>"; };
		D14A5B6B1DD26AFD00226EE3 /* GoogleService-Info.plist */ = {isa = PBXFileReference; fileEncoding = 4; lastKnownFileType = text.plist.xml; path = "GoogleService-Info.plist"; sourceTree = "<group>"; };
		D15BEC591DD2608C00E58050 /* Aste.app */ = {isa = PBXFileReference; explicitFileType = wrapper.application; includeInIndex = 0; path = Aste.app; sourceTree = BUILT_PRODUCTS_DIR; };
		D15BEC5C1DD2608C00E58050 /* AppDelegate.swift */ = {isa = PBXFileReference; lastKnownFileType = sourcecode.swift; path = AppDelegate.swift; sourceTree = "<group>"; };
		D15BEC611DD2608C00E58050 /* Base */ = {isa = PBXFileReference; lastKnownFileType = file.storyboard; name = Base; path = Base.lproj/Main.storyboard; sourceTree = "<group>"; };
		D15BEC631DD2608C00E58050 /* Assets.xcassets */ = {isa = PBXFileReference; lastKnownFileType = folder.assetcatalog; path = Assets.xcassets; sourceTree = "<group>"; };
		D15BEC661DD2608C00E58050 /* Base */ = {isa = PBXFileReference; lastKnownFileType = file.storyboard; name = Base; path = Base.lproj/LaunchScreen.storyboard; sourceTree = "<group>"; };
		D15BEC681DD2608C00E58050 /* Info.plist */ = {isa = PBXFileReference; lastKnownFileType = text.plist.xml; path = Info.plist; sourceTree = "<group>"; };
		D193287E1E02982E00FC3FEB /* parse site.scpt */ = {isa = PBXFileReference; lastKnownFileType = file; path = "parse site.scpt"; sourceTree = "<group>"; };
		D193287F1E0313EA00FC3FEB /* serviceAccountKey.json */ = {isa = PBXFileReference; lastKnownFileType = text.json; path = serviceAccountKey.json; sourceTree = "<group>"; };
		D1DA4A071DE6268300C6A060 /* TableViewController.swift */ = {isa = PBXFileReference; fileEncoding = 4; lastKnownFileType = sourcecode.swift; path = TableViewController.swift; sourceTree = "<group>"; };
		D1DA4A091DE7759A00C6A060 /* TableViewCell.swift */ = {isa = PBXFileReference; fileEncoding = 4; lastKnownFileType = sourcecode.swift; path = TableViewCell.swift; sourceTree = "<group>"; };
		D1DA4A0B1DE7B18E00C6A060 /* MapKit.framework */ = {isa = PBXFileReference; lastKnownFileType = wrapper.framework; name = MapKit.framework; path = System/Library/Frameworks/MapKit.framework; sourceTree = SDKROOT; };
		D1DA4A0D1DE7B53F00C6A060 /* MapController.swift */ = {isa = PBXFileReference; fileEncoding = 4; lastKnownFileType = sourcecode.swift; path = MapController.swift; sourceTree = "<group>"; };
		DC6ECA265D98731CFDD84501 /* Pods-Aste.release.xcconfig */ = {isa = PBXFileReference; includeInIndex = 1; lastKnownFileType = text.xcconfig; name = "Pods-Aste.release.xcconfig"; path = "Pods/Target Support Files/Pods-Aste/Pods-Aste.release.xcconfig"; sourceTree = "<group>"; };
/* End PBXFileReference section */

/* Begin PBXFrameworksBuildPhase section */
		D15BEC561DD2608C00E58050 /* Frameworks */ = {
			isa = PBXFrameworksBuildPhase;
			buildActionMask = 2147483647;
			files = (
				D1DA4A0C1DE7B18E00C6A060 /* MapKit.framework in Frameworks */,
				4D44EB750AD3E1945A89851E /* Pods_Aste.framework in Frameworks */,
			);
			runOnlyForDeploymentPostprocessing = 0;
		};
/* End PBXFrameworksBuildPhase section */

/* Begin PBXGroup section */
		09A09251967ED59F87EB192B /* Pods */ = {
			isa = PBXGroup;
			children = (
				44CDB641A92EB8FD714887FB /* Pods-Aste.debug.xcconfig */,
				DC6ECA265D98731CFDD84501 /* Pods-Aste.release.xcconfig */,
			);
			name = Pods;
			sourceTree = "<group>";
		};
		49E076A81DE6E18300384A49 /* Scripts */ = {
			isa = PBXGroup;
			children = (
				D193287E1E02982E00FC3FEB /* parse site.scpt */,
				D193287F1E0313EA00FC3FEB /* serviceAccountKey.json */,
				49E076A91DE6E1A800384A49 /* get_aste.py */,
			);
			name = Scripts;
			sourceTree = "<group>";
		};
		D15BEC501DD2608B00E58050 = {
			isa = PBXGroup;
			children = (
				49E076A81DE6E18300384A49 /* Scripts */,
				D15BEC5B1DD2608C00E58050 /* Aste */,
				D15BEC5A1DD2608C00E58050 /* Products */,
				09A09251967ED59F87EB192B /* Pods */,
				E0731DB3F67855CB43BA41F5 /* Frameworks */,
			);
			sourceTree = "<group>";
		};
		D15BEC5A1DD2608C00E58050 /* Products */ = {
			isa = PBXGroup;
			children = (
				D15BEC591DD2608C00E58050 /* Aste.app */,
			);
			name = Products;
			sourceTree = "<group>";
		};
		D15BEC5B1DD2608C00E58050 /* Aste */ = {
			isa = PBXGroup;
			children = (
				D11C37271DE8DF7700BAF846 /* Aste.entitlements */,
				D15BEC601DD2608C00E58050 /* Main.storyboard */,
				D15BEC5C1DD2608C00E58050 /* AppDelegate.swift */,
				D1DA4A091DE7759A00C6A060 /* TableViewCell.swift */,
				D1DA4A071DE6268300C6A060 /* TableViewController.swift */,
				D1DA4A0D1DE7B53F00C6A060 /* MapController.swift */,
				D1289DE31DFCE11900ECBEA5 /* DetailViewController.swift */,
				D15BEC631DD2608C00E58050 /* Assets.xcassets */,
				D15BEC651DD2608C00E58050 /* LaunchScreen.storyboard */,
				D15BEC681DD2608C00E58050 /* Info.plist */,
				D14A5B6B1DD26AFD00226EE3 /* GoogleService-Info.plist */,
			);
			path = Aste;
			sourceTree = "<group>";
		};
		E0731DB3F67855CB43BA41F5 /* Frameworks */ = {
			isa = PBXGroup;
			children = (
				D1DA4A0B1DE7B18E00C6A060 /* MapKit.framework */,
				82011EB7183175411A99B3B1 /* Pods_Aste.framework */,
			);
			name = Frameworks;
			sourceTree = "<group>";
		};
/* End PBXGroup section */

/* Begin PBXNativeTarget section */
		D15BEC581DD2608C00E58050 /* Aste */ = {
			isa = PBXNativeTarget;
			buildConfigurationList = D15BEC6B1DD2608C00E58050 /* Build configuration list for PBXNativeTarget "Aste" */;
			buildPhases = (
				0653CE5983DCCCAD3A8DA825 /* [CP] Check Pods Manifest.lock */,
				D15BEC551DD2608C00E58050 /* Sources */,
				D15BEC561DD2608C00E58050 /* Frameworks */,
				D15BEC571DD2608C00E58050 /* Resources */,
				3735C163928F3B7CE93AFE10 /* [CP] Embed Pods Frameworks */,
				966FDC2404F35DA95877A2AC /* [CP] Copy Pods Resources */,
			);
			buildRules = (
			);
			dependencies = (
			);
			name = Aste;
			productName = Aste;
			productReference = D15BEC591DD2608C00E58050 /* Aste.app */;
			productType = "com.apple.product-type.application";
		};
/* End PBXNativeTarget section */

/* Begin PBXProject section */
		D15BEC511DD2608B00E58050 /* Project object */ = {
			isa = PBXProject;
			attributes = {
				LastSwiftUpdateCheck = 0800;
				LastUpgradeCheck = 0810;
				ORGANIZATIONNAME = "Michele Percich";
				TargetAttributes = {
					D15BEC581DD2608C00E58050 = {
						CreatedOnToolsVersion = 8.0;
						DevelopmentTeam = FBBFZNEHZV;
						ProvisioningStyle = Manual;
						SystemCapabilities = {
							com.apple.BackgroundModes = {
								enabled = 1;
							};
							com.apple.Keychain = {
								enabled = 1;
							};
						};
					};
				};
			};
			buildConfigurationList = D15BEC541DD2608B00E58050 /* Build configuration list for PBXProject "Aste" */;
			compatibilityVersion = "Xcode 3.2";
			developmentRegion = English;
			hasScannedForEncodings = 0;
			knownRegions = (
				en,
				Base,
			);
			mainGroup = D15BEC501DD2608B00E58050;
			productRefGroup = D15BEC5A1DD2608C00E58050 /* Products */;
			projectDirPath = "";
			projectRoot = "";
			targets = (
				D15BEC581DD2608C00E58050 /* Aste */,
			);
		};
/* End PBXProject section */

/* Begin PBXResourcesBuildPhase section */
		D15BEC571DD2608C00E58050 /* Resources */ = {
			isa = PBXResourcesBuildPhase;
			buildActionMask = 2147483647;
			files = (
				D15BEC671DD2608C00E58050 /* LaunchScreen.storyboard in Resources */,
				D14A5B6C1DD26AFD00226EE3 /* GoogleService-Info.plist in Resources */,
				D15BEC641DD2608C00E58050 /* Assets.xcassets in Resources */,
				D15BEC621DD2608C00E58050 /* Main.storyboard in Resources */,
			);
			runOnlyForDeploymentPostprocessing = 0;
		};
/* End PBXResourcesBuildPhase section */

/* Begin PBXShellScriptBuildPhase section */
		0653CE5983DCCCAD3A8DA825 /* [CP] Check Pods Manifest.lock */ = {
			isa = PBXShellScriptBuildPhase;
			buildActionMask = 2147483647;
			files = (
			);
			inputPaths = (
			);
			name = "[CP] Check Pods Manifest.lock";
			outputPaths = (
			);
			runOnlyForDeploymentPostprocessing = 0;
			shellPath = /bin/sh;
			shellScript = "diff \"${PODS_ROOT}/../Podfile.lock\" \"${PODS_ROOT}/Manifest.lock\" > /dev/null\nif [ $? != 0 ] ; then\n    # print error to STDERR\n    echo \"error: The sandbox is not in sync with the Podfile.lock. Run 'pod install' or update your CocoaPods installation.\" >&2\n    exit 1\nfi\n";
			showEnvVarsInLog = 0;
		};
		3735C163928F3B7CE93AFE10 /* [CP] Embed Pods Frameworks */ = {
			isa = PBXShellScriptBuildPhase;
			buildActionMask = 2147483647;
			files = (
			);
			inputPaths = (
			);
			name = "[CP] Embed Pods Frameworks";
			outputPaths = (
			);
			runOnlyForDeploymentPostprocessing = 0;
			shellPath = /bin/sh;
			shellScript = "\"${SRCROOT}/Pods/Target Support Files/Pods-Aste/Pods-Aste-frameworks.sh\"\n";
			showEnvVarsInLog = 0;
		};
		966FDC2404F35DA95877A2AC /* [CP] Copy Pods Resources */ = {
			isa = PBXShellScriptBuildPhase;
			buildActionMask = 2147483647;
			files = (
			);
			inputPaths = (
			);
			name = "[CP] Copy Pods Resources";
			outputPaths = (
			);
			runOnlyForDeploymentPostprocessing = 0;
			shellPath = /bin/sh;
			shellScript = "\"${SRCROOT}/Pods/Target Support Files/Pods-Aste/Pods-Aste-resources.sh\"\n";
			showEnvVarsInLog = 0;
		};
/* End PBXShellScriptBuildPhase section */

/* Begin PBXSourcesBuildPhase section */
		D15BEC551DD2608C00E58050 /* Sources */ = {
			isa = PBXSourcesBuildPhase;
			buildActionMask = 2147483647;
			files = (
				D1DA4A0E1DE7B53F00C6A060 /* MapController.swift in Sources */,
				D1DA4A0A1DE7759A00C6A060 /* TableViewCell.swift in Sources */,
				D1289DE41DFCE11900ECBEA5 /* DetailViewController.swift in Sources */,
				D1DA4A081DE6268300C6A060 /* TableViewController.swift in Sources */,
				D15BEC5D1DD2608C00E58050 /* AppDelegate.swift in Sources */,
			);
			runOnlyForDeploymentPostprocessing = 0;
		};
/* End PBXSourcesBuildPhase section */

/* Begin PBXVariantGroup section */
		D15BEC601DD2608C00E58050 /* Main.storyboard */ = {
			isa = PBXVariantGroup;
			children = (
				D15BEC611DD2608C00E58050 /* Base */,
			);
			name = Main.storyboard;
			sourceTree = "<group>";
		};
		D15BEC651DD2608C00E58050 /* LaunchScreen.storyboard */ = {
			isa = PBXVariantGroup;
			children = (
				D15BEC661DD2608C00E58050 /* Base */,
			);
			name = LaunchScreen.storyboard;
			sourceTree = "<group>";
		};
/* End PBXVariantGroup section */

/* Begin XCBuildConfiguration section */
		D15BEC691DD2608C00E58050 /* Debug */ = {
			isa = XCBuildConfiguration;
			buildSettings = {
				ALWAYS_SEARCH_USER_PATHS = NO;
				CLANG_ANALYZER_NONNULL = YES;
				CLANG_CXX_LANGUAGE_STANDARD = "gnu++0x";
				CLANG_CXX_LIBRARY = "libc++";
				CLANG_ENABLE_MODULES = YES;
				CLANG_ENABLE_OBJC_ARC = YES;
				CLANG_WARN_BOOL_CONVERSION = YES;
				CLANG_WARN_CONSTANT_CONVERSION = YES;
				CLANG_WARN_DIRECT_OBJC_ISA_USAGE = YES_ERROR;
				CLANG_WARN_DOCUMENTATION_COMMENTS = YES;
				CLANG_WARN_EMPTY_BODY = YES;
				CLANG_WARN_ENUM_CONVERSION = YES;
				CLANG_WARN_INFINITE_RECURSION = YES;
				CLANG_WARN_INT_CONVERSION = YES;
				CLANG_WARN_OBJC_ROOT_CLASS = YES_ERROR;
				CLANG_WARN_SUSPICIOUS_MOVE = YES;
				CLANG_WARN_SUSPICIOUS_MOVES = YES;
				CLANG_WARN_UNREACHABLE_CODE = YES;
				CLANG_WARN__DUPLICATE_METHOD_MATCH = YES;
				"CODE_SIGN_IDENTITY[sdk=iphoneos*]" = "iPhone Developer";
				COPY_PHASE_STRIP = NO;
				DEBUG_INFORMATION_FORMAT = dwarf;
				ENABLE_STRICT_OBJC_MSGSEND = YES;
				ENABLE_TESTABILITY = YES;
				GCC_C_LANGUAGE_STANDARD = gnu99;
				GCC_DYNAMIC_NO_PIC = NO;
				GCC_NO_COMMON_BLOCKS = YES;
				GCC_OPTIMIZATION_LEVEL = 0;
				GCC_PREPROCESSOR_DEFINITIONS = (
					"DEBUG=1",
					"$(inherited)",
				);
				GCC_WARN_64_TO_32_BIT_CONVERSION = YES;
				GCC_WARN_ABOUT_RETURN_TYPE = YES_ERROR;
				GCC_WARN_UNDECLARED_SELECTOR = YES;
				GCC_WARN_UNINITIALIZED_AUTOS = YES_AGGRESSIVE;
				GCC_WARN_UNUSED_FUNCTION = YES;
				GCC_WARN_UNUSED_VARIABLE = YES;
				IPHONEOS_DEPLOYMENT_TARGET = 10.0;
				MTL_ENABLE_DEBUG_INFO = YES;
				ONLY_ACTIVE_ARCH = YES;
				SDKROOT = iphoneos;
				SWIFT_ACTIVE_COMPILATION_CONDITIONS = DEBUG;
				SWIFT_OPTIMIZATION_LEVEL = "-Onone";
				TARGETED_DEVICE_FAMILY = "1,2";
			};
			name = Debug;
		};
		D15BEC6A1DD2608C00E58050 /* Release */ = {
			isa = XCBuildConfiguration;
			buildSettings = {
				ALWAYS_SEARCH_USER_PATHS = NO;
				CLANG_ANALYZER_NONNULL = YES;
				CLANG_CXX_LANGUAGE_STANDARD = "gnu++0x";
				CLANG_CXX_LIBRARY = "libc++";
				CLANG_ENABLE_MODULES = YES;
				CLANG_ENABLE_OBJC_ARC = YES;
				CLANG_WARN_BOOL_CONVERSION = YES;
				CLANG_WARN_CONSTANT_CONVERSION = YES;
				CLANG_WARN_DIRECT_OBJC_ISA_USAGE = YES_ERROR;
				CLANG_WARN_DOCUMENTATION_COMMENTS = YES;
				CLANG_WARN_EMPTY_BODY = YES;
				CLANG_WARN_ENUM_CONVERSION = YES;
				CLANG_WARN_INFINITE_RECURSION = YES;
				CLANG_WARN_INT_CONVERSION = YES;
				CLANG_WARN_OBJC_ROOT_CLASS = YES_ERROR;
				CLANG_WARN_SUSPICIOUS_MOVE = YES;
				CLANG_WARN_SUSPICIOUS_MOVES = YES;
				CLANG_WARN_UNREACHABLE_CODE = YES;
				CLANG_WARN__DUPLICATE_METHOD_MATCH = YES;
				"CODE_SIGN_IDENTITY[sdk=iphoneos*]" = "iPhone Developer";
				COPY_PHASE_STRIP = NO;
				DEBUG_INFORMATION_FORMAT = "dwarf-with-dsym";
				ENABLE_NS_ASSERTIONS = NO;
				ENABLE_STRICT_OBJC_MSGSEND = YES;
				GCC_C_LANGUAGE_STANDARD = gnu99;
				GCC_NO_COMMON_BLOCKS = YES;
				GCC_WARN_64_TO_32_BIT_CONVERSION = YES;
				GCC_WARN_ABOUT_RETURN_TYPE = YES_ERROR;
				GCC_WARN_UNDECLARED_SELECTOR = YES;
				GCC_WARN_UNINITIALIZED_AUTOS = YES_AGGRESSIVE;
				GCC_WARN_UNUSED_FUNCTION = YES;
				GCC_WARN_UNUSED_VARIABLE = YES;
				IPHONEOS_DEPLOYMENT_TARGET = 10.0;
				MTL_ENABLE_DEBUG_INFO = NO;
				SDKROOT = iphoneos;
				SWIFT_OPTIMIZATION_LEVEL = "-Owholemodule";
				TARGETED_DEVICE_FAMILY = "1,2";
				VALIDATE_PRODUCT = YES;
			};
			name = Release;
		};
		D15BEC6C1DD2608C00E58050 /* Debug */ = {
			isa = XCBuildConfiguration;
			baseConfigurationReference = 44CDB641A92EB8FD714887FB /* Pods-Aste.debug.xcconfig */;
			buildSettings = {
				ASSETCATALOG_COMPILER_APPICON_NAME = AppIcon;
				CODE_SIGN_ENTITLEMENTS = Aste/Aste.entitlements;
				DEVELOPMENT_TEAM = FBBFZNEHZV;
				INFOPLIST_FILE = Aste/Info.plist;
				LD_RUNPATH_SEARCH_PATHS = "$(inherited) @executable_path/Frameworks";
				PRODUCT_BUNDLE_IDENTIFIER = com.mpercich.aste;
				PRODUCT_NAME = "$(TARGET_NAME)";
				PROVISIONING_PROFILE = "2720c6e7-8769-462a-a437-e7df58d93439";
				PROVISIONING_PROFILE_SPECIFIER = "aste profile";
				SWIFT_VERSION = 3.0;
			};
			name = Debug;
		};
		D15BEC6D1DD2608C00E58050 /* Release */ = {
			isa = XCBuildConfiguration;
			baseConfigurationReference = DC6ECA265D98731CFDD84501 /* Pods-Aste.release.xcconfig */;
			buildSettings = {
				ASSETCATALOG_COMPILER_APPICON_NAME = AppIcon;
				CODE_SIGN_ENTITLEMENTS = Aste/Aste.entitlements;
				DEVELOPMENT_TEAM = FBBFZNEHZV;
				INFOPLIST_FILE = Aste/Info.plist;
				LD_RUNPATH_SEARCH_PATHS = "$(inherited) @executable_path/Frameworks";
				PRODUCT_BUNDLE_IDENTIFIER = com.mpercich.aste;
				PRODUCT_NAME = "$(TARGET_NAME)";
				PROVISIONING_PROFILE = "2720c6e7-8769-462a-a437-e7df58d93439";
				PROVISIONING_PROFILE_SPECIFIER = "aste profile";
				SWIFT_VERSION = 3.0;
			};
			name = Release;
		};
/* End XCBuildConfiguration section */

/* Begin XCConfigurationList section */
		D15BEC541DD2608B00E58050 /* Build configuration list for PBXProject "Aste" */ = {
			isa = XCConfigurationList;
			buildConfigurations = (
				D15BEC691DD2608C00E58050 /* Debug */,
				D15BEC6A1DD2608C00E58050 /* Release */,
			);
			defaultConfigurationIsVisible = 0;
			defaultConfigurationName = Release;
		};
		D15BEC6B1DD2608C00E58050 /* Build configuration list for PBXNativeTarget "Aste" */ = {
			isa = XCConfigurationList;
			buildConfigurations = (
				D15BEC6C1DD2608C00E58050 /* Debug */,
				D15BEC6D1DD2608C00E58050 /* Release */,
			);
			defaultConfigurationIsVisible = 0;
			defaultConfigurationName = Release;
		};
/* End XCConfigurationList section */
	};
	rootObject = D15BEC511DD2608B00E58050 /* Project object */;
}
